github.com/Sigumaa/lfu v0.2.0 h1:9cFdLUQXlDdhqACrmLYpcRCpgG8pNfzBX6q4cDBYVU8=
github.com/Sigumaa/lfu v0.2.0/go.mod h1:JUYg1UWBvk9m0Mh2LML8aa+b+tyac026CsWHctOSz+w=
github.com/joho/godotenv v1.5.1 h1:7eLL/+HRGLY0ldzfGMeQkb7vMd0as4CfYvUVzLqw0N0=
github.com/joho/godotenv v1.5.1/go.mod h1:f4LDr5Voq0i2e/R5DDNOoa2zzDfwtkZa6DnEwAbqwq4=
